
Microsoft Visual Studio Solution File, Format Version 12.00
# Visual Studio 15
VisualStudioVersion = 15.0.27130.2027
MinimumVisualStudioVersion = 10.0.40219.1
Project("{FAE04EC0-301F-11D3-BF4B-00C04F79EFBC}") = "BlockAPP Core", "BlockAPP Core\BlockAPP Core.csproj", "{542CE907-59EB-4693-AEED-6A0326F955C6}"
EndProject
Global
	GlobalSection(SolutionConfigurationPlatforms) = preSolution
		Debug|Any CPU = Debug|Any CPU
		Release|Any CPU = Release|Any CPU
	EndGlobalSection
	GlobalSection(ProjectConfigurationPlatforms) = postSolution
		{542CE907-59EB-4693-AEED-6A0326F955C6}.Debug|Any CPU.ActiveCfg = Debug|Any CPU
		{542CE907-59EB-4693-AEED-6A0326F955C6}.Debug|Any CPU.Build.0 = Debug|Any CPU
		{542CE907-59EB-4693-AEED-6A0326F955C6}.Release|Any CPU.ActiveCfg = Release|Any CPU
		{542CE907-59EB-4693-AEED-6A0326F955C6}.Release|Any CPU.Build.0 = Release|Any CPU
	EndGlobalSection
	GlobalSection(SolutionProperties) = preSolution
		HideSolutionNode = FALSE
	EndGlobalSection
	GlobalSection(ExtensibilityGlobals) = postSolution
		SolutionGuid = {4850DE04-36E2-4DC2-91AA-B3C2FFCC5BA7}
	EndGlobalSection
EndGlobal
